
Microsoft Visual Studio Solution File, Format Version 12.00
# Visual Studio Version 17
VisualStudioVersion = 17.6.33815.320
MinimumVisualStudioVersion = 10.0.40219.1
Project("{FAE04EC0-301F-11D3-BF4B-00C04F79EFBC}") = "TDD_NotasAluno", "TDD_NotasAluno\TDD_NotasAluno.csproj", "{B9B72CB2-507B-4398-96E3-9E80C2097B83}"
EndProject
Global
	GlobalSection(SolutionConfigurationPlatforms) = preSolution
		Debug|Any CPU = Debug|Any CPU
		Release|Any CPU = Release|Any CPU
	EndGlobalSection
	GlobalSection(ProjectConfigurationPlatforms) = postSolution
		{B9B72CB2-507B-4398-96E3-9E80C2097B83}.Debug|Any CPU.ActiveCfg = Debug|Any CPU
		{B9B72CB2-507B-4398-96E3-9E80C2097B83}.Debug|Any CPU.Build.0 = Debug|Any CPU
		{B9B72CB2-507B-4398-96E3-9E80C2097B83}.Release|Any CPU.ActiveCfg = Release|Any CPU
		{B9B72CB2-507B-4398-96E3-9E80C2097B83}.Release|Any CPU.Build.0 = Release|Any CPU
	EndGlobalSection
	GlobalSection(SolutionProperties) = preSolution
		HideSolutionNode = FALSE
	EndGlobalSection
	GlobalSection(ExtensibilityGlobals) = postSolution
		SolutionGuid = {E48904CD-BB61-4FCC-B2DC-F91BB629282C}
	EndGlobalSection
EndGlobal
